
Microsoft Visual Studio Solution File, Format Version 12.00
# Visual Studio Version 17
VisualStudioVersion = 17.8.34330.188
MinimumVisualStudioVersion = 10.0.40219.1
Project("{FAE04EC0-301F-11D3-BF4B-00C04F79EFBC}") = "ödev2", "ödev2\ödev2.csproj", "{02EEDA3F-D891-4CF2-81B7-86741C3FF615}"
EndProject
Global
	GlobalSection(SolutionConfigurationPlatforms) = preSolution
		Debug|Any CPU = Debug|Any CPU
		Release|Any CPU = Release|Any CPU
	EndGlobalSection
	GlobalSection(ProjectConfigurationPlatforms) = postSolution
		{02EEDA3F-D891-4CF2-81B7-86741C3FF615}.Debug|Any CPU.ActiveCfg = Debug|Any CPU
		{02EEDA3F-D891-4CF2-81B7-86741C3FF615}.Debug|Any CPU.Build.0 = Debug|Any CPU
		{02EEDA3F-D891-4CF2-81B7-86741C3FF615}.Release|Any CPU.ActiveCfg = Release|Any CPU
		{02EEDA3F-D891-4CF2-81B7-86741C3FF615}.Release|Any CPU.Build.0 = Release|Any CPU
	EndGlobalSection
	GlobalSection(SolutionProperties) = preSolution
		HideSolutionNode = FALSE
	EndGlobalSection
	GlobalSection(ExtensibilityGlobals) = postSolution
		SolutionGuid = {1A8765C7-C6C1-40B5-85BC-691200C29156}
	EndGlobalSection
EndGlobal
